
Microsoft Visual Studio Solution File, Format Version 12.00
# Visual Studio Version 17
VisualStudioVersion = 17.0.31903.59
MinimumVisualStudioVersion = 10.0.40219.1
Project("{2150E333-8FDC-42A3-9474-1A3956D46DE8}") = "src", "src", "{827E0CD3-B72D-47B6-A68D-7590B98EB39B}"
EndProject
Project("{FAE04EC0-301F-11D3-BF4B-00C04F79EFBC}") = "API", "src\API\API.csproj", "{F1330840-7811-40A6-82A2-A6785890C013}"
EndProject
Project("{FAE04EC0-301F-11D3-BF4B-00C04F79EFBC}") = "Models", "src\Models\Models.csproj", "{0EF8376D-4178-4391-AE4C-9C0A98DB21CA}"
EndProject
Project("{FAE04EC0-301F-11D3-BF4B-00C04F79EFBC}") = "Managers", "src\Managers\Managers.csproj", "{E23C3526-8662-45D8-9E5A-75398BE81278}"
EndProject
Project("{FAE04EC0-301F-11D3-BF4B-00C04F79EFBC}") = "Data", "src\Data\Data.csproj", "{58A7FEEA-ACF2-4292-899C-7FAA3744695E}"
EndProject
Project("{FAE04EC0-301F-11D3-BF4B-00C04F79EFBC}") = "Extensions", "src\Extensions\Extensions.csproj", "{9D7E826E-F5ED-4DC8-94D9-D4BCF4A29330}"
EndProject
Project("{2150E333-8FDC-42A3-9474-1A3956D46DE8}") = "tests", "tests", "{0AB3BF05-4346-4AA6-1389-037BE0695223}"
EndProject
Project("{FAE04EC0-301F-11D3-BF4B-00C04F79EFBC}") = "API.Tests", "tests\API.Tests\API.Tests.csproj", "{632C8C48-150D-4D33-803D-9161DC671F87}"
EndProject
Project("{FAE04EC0-301F-11D3-BF4B-00C04F79EFBC}") = "Models.Tests", "tests\Models.Tests\Models.Tests.csproj", "{55F9DA56-1B3A-4C07-9898-32218358F0DF}"
EndProject
Project("{FAE04EC0-301F-11D3-BF4B-00C04F79EFBC}") = "Managers.Tests", "tests\Managers.Tests\Managers.Tests.csproj", "{9950D8AC-229A-4ECC-AFE1-8CED3B9C1431}"
EndProject
Project("{FAE04EC0-301F-11D3-BF4B-00C04F79EFBC}") = "Data.Tests", "tests\Data.Tests\Data.Tests.csproj", "{F727DCD3-DD4A-4FA1-A05A-44EAC7E88E01}"
EndProject
Project("{FAE04EC0-301F-11D3-BF4B-00C04F79EFBC}") = "Extensions.Tests", "tests\Extensions.Tests\Extensions.Tests.csproj", "{8E0FC3E4-3727-44D6-B260-4323A4FDD94D}"
EndProject
Project("{FAE04EC0-301F-11D3-BF4B-00C04F79EFBC}") = "Grpc", "src\Grpc\Grpc.csproj", "{6D3F1293-D49D-48FC-83AC-B4A9741E590F}"
EndProject
Global
	GlobalSection(SolutionConfigurationPlatforms) = preSolution
		Debug|Any CPU = Debug|Any CPU
		Debug|x64 = Debug|x64
		Debug|x86 = Debug|x86
		Release|Any CPU = Release|Any CPU
		Release|x64 = Release|x64
		Release|x86 = Release|x86
	EndGlobalSection
	GlobalSection(ProjectConfigurationPlatforms) = postSolution
		{F1330840-7811-40A6-82A2-A6785890C013}.Debug|Any CPU.ActiveCfg = Debug|Any CPU
		{F1330840-7811-40A6-82A2-A6785890C013}.Debug|Any CPU.Build.0 = Debug|Any CPU
		{F1330840-7811-40A6-82A2-A6785890C013}.Debug|x64.ActiveCfg = Debug|Any CPU
		{F1330840-7811-40A6-82A2-A6785890C013}.Debug|x64.Build.0 = Debug|Any CPU
		{F1330840-7811-40A6-82A2-A6785890C013}.Debug|x86.ActiveCfg = Debug|Any CPU
		{F1330840-7811-40A6-82A2-A6785890C013}.Debug|x86.Build.0 = Debug|Any CPU
		{F1330840-7811-40A6-82A2-A6785890C013}.Release|Any CPU.ActiveCfg = Release|Any CPU
		{F1330840-7811-40A6-82A2-A6785890C013}.Release|Any CPU.Build.0 = Release|Any CPU
		{F1330840-7811-40A6-82A2-A6785890C013}.Release|x64.ActiveCfg = Release|Any CPU
		{F1330840-7811-40A6-82A2-A6785890C013}.Release|x64.Build.0 = Release|Any CPU
		{F1330840-7811-40A6-82A2-A6785890C013}.Release|x86.ActiveCfg = Release|Any CPU
		{F1330840-7811-40A6-82A2-A6785890C013}.Release|x86.Build.0 = Release|Any CPU
		{0EF8376D-4178-4391-AE4C-9C0A98DB21CA}.Debug|Any CPU.ActiveCfg = Debug|Any CPU
		{0EF8376D-4178-4391-AE4C-9C0A98DB21CA}.Debug|Any CPU.Build.0 = Debug|Any CPU
		{0EF8376D-4178-4391-AE4C-9C0A98DB21CA}.Debug|x64.ActiveCfg = Debug|Any CPU
		{0EF8376D-4178-4391-AE4C-9C0A98DB21CA}.Debug|x64.Build.0 = Debug|Any CPU
		{0EF8376D-4178-4391-AE4C-9C0A98DB21CA}.Debug|x86.ActiveCfg = Debug|Any CPU
		{0EF8376D-4178-4391-AE4C-9C0A98DB21CA}.Debug|x86.Build.0 = Debug|Any CPU
		{0EF8376D-4178-4391-AE4C-9C0A98DB21CA}.Release|Any CPU.ActiveCfg = Release|Any CPU
		{0EF8376D-4178-4391-AE4C-9C0A98DB21CA}.Release|Any CPU.Build.0 = Release|Any CPU
		{0EF8376D-4178-4391-AE4C-9C0A98DB21CA}.Release|x64.ActiveCfg = Release|Any CPU
		{0EF8376D-4178-4391-AE4C-9C0A98DB21CA}.Release|x64.Build.0 = Release|Any CPU
		{0EF8376D-4178-4391-AE4C-9C0A98DB21CA}.Release|x86.ActiveCfg = Release|Any CPU
		{0EF8376D-4178-4391-AE4C-9C0A98DB21CA}.Release|x86.Build.0 = Release|Any CPU
		{E23C3526-8662-45D8-9E5A-75398BE81278}.Debug|Any CPU.ActiveCfg = Debug|Any CPU
		{E23C3526-8662-45D8-9E5A-75398BE81278}.Debug|Any CPU.Build.0 = Debug|Any CPU
		{E23C3526-8662-45D8-9E5A-75398BE81278}.Debug|x64.ActiveCfg = Debug|Any CPU
		{E23C3526-8662-45D8-9E5A-75398BE81278}.Debug|x64.Build.0 = Debug|Any CPU
		{E23C3526-8662-45D8-9E5A-75398BE81278}.Debug|x86.ActiveCfg = Debug|Any CPU
		{E23C3526-8662-45D8-9E5A-75398BE81278}.Debug|x86.Build.0 = Debug|Any CPU
		{E23C3526-8662-45D8-9E5A-75398BE81278}.Release|Any CPU.ActiveCfg = Release|Any CPU
		{E23C3526-8662-45D8-9E5A-75398BE81278}.Release|Any CPU.Build.0 = Release|Any CPU
		{E23C3526-8662-45D8-9E5A-75398BE81278}.Release|x64.ActiveCfg = Release|Any CPU
		{E23C3526-8662-45D8-9E5A-75398BE81278}.Release|x64.Build.0 = Release|Any CPU
		{E23C3526-8662-45D8-9E5A-75398BE81278}.Release|x86.ActiveCfg = Release|Any CPU
		{E23C3526-8662-45D8-9E5A-75398BE81278}.Release|x86.Build.0 = Release|Any CPU
		{58A7FEEA-ACF2-4292-899C-7FAA3744695E}.Debug|Any CPU.ActiveCfg = Debug|Any CPU
		{58A7FEEA-ACF2-4292-899C-7FAA3744695E}.Debug|Any CPU.Build.0 = Debug|Any CPU
		{58A7FEEA-ACF2-4292-899C-7FAA3744695E}.Debug|x64.ActiveCfg = Debug|Any CPU
		{58A7FEEA-ACF2-4292-899C-7FAA3744695E}.Debug|x64.Build.0 = Debug|Any CPU
		{58A7FEEA-ACF2-4292-899C-7FAA3744695E}.Debug|x86.ActiveCfg = Debug|Any CPU
		{58A7FEEA-ACF2-4292-899C-7FAA3744695E}.Debug|x86.Build.0 = Debug|Any CPU
		{58A7FEEA-ACF2-4292-899C-7FAA3744695E}.Release|Any CPU.ActiveCfg = Release|Any CPU
		{58A7FEEA-ACF2-4292-899C-7FAA3744695E}.Release|Any CPU.Build.0 = Release|Any CPU
		{58A7FEEA-ACF2-4292-899C-7FAA3744695E}.Release|x64.ActiveCfg = Release|Any CPU
		{58A7FEEA-ACF2-4292-899C-7FAA3744695E}.Release|x64.Build.0 = Release|Any CPU
		{58A7FEEA-ACF2-4292-899C-7FAA3744695E}.Release|x86.ActiveCfg = Release|Any CPU
		{58A7FEEA-ACF2-4292-899C-7FAA3744695E}.Release|x86.Build.0 = Release|Any CPU
		{9D7E826E-F5ED-4DC8-94D9-D4BCF4A29330}.Debug|Any CPU.ActiveCfg = Debug|Any CPU
		{9D7E826E-F5ED-4DC8-94D9-D4BCF4A29330}.Debug|Any CPU.Build.0 = Debug|Any CPU
		{9D7E826E-F5ED-4DC8-94D9-D4BCF4A29330}.Debug|x64.ActiveCfg = Debug|Any CPU
		{9D7E826E-F5ED-4DC8-94D9-D4BCF4A29330}.Debug|x64.Build.0 = Debug|Any CPU
		{9D7E826E-F5ED-4DC8-94D9-D4BCF4A29330}.Debug|x86.ActiveCfg = Debug|Any CPU
		{9D7E826E-F5ED-4DC8-94D9-D4BCF4A29330}.Debug|x86.Build.0 = Debug|Any CPU
		{9D7E826E-F5ED-4DC8-94D9-D4BCF4A29330}.Release|Any CPU.ActiveCfg = Release|Any CPU
		{9D7E826E-F5ED-4DC8-94D9-D4BCF4A29330}.Release|Any CPU.Build.0 = Release|Any CPU
		{9D7E826E-F5ED-4DC8-94D9-D4BCF4A29330}.Release|x64.ActiveCfg = Release|Any CPU
		{9D7E826E-F5ED-4DC8-94D9-D4BCF4A29330}.Release|x64.Build.0 = Release|Any CPU
		{9D7E826E-F5ED-4DC8-94D9-D4BCF4A29330}.Release|x86.ActiveCfg = Release|Any CPU
		{9D7E826E-F5ED-4DC8-94D9-D4BCF4A29330}.Release|x86.Build.0 = Release|Any CPU
		{632C8C48-150D-4D33-803D-9161DC671F87}.Debug|Any CPU.ActiveCfg = Debug|Any CPU
		{632C8C48-150D-4D33-803D-9161DC671F87}.Debug|Any CPU.Build.0 = Debug|Any CPU
		{632C8C48-150D-4D33-803D-9161DC671F87}.Debug|x64.ActiveCfg = Debug|Any CPU
		{632C8C48-150D-4D33-803D-9161DC671F87}.Debug|x64.Build.0 = Debug|Any CPU
		{632C8C48-150D-4D33-803D-9161DC671F87}.Debug|x86.ActiveCfg = Debug|Any CPU
		{632C8C48-150D-4D33-803D-9161DC671F87}.Debug|x86.Build.0 = Debug|Any CPU
		{632C8C48-150D-4D33-803D-9161DC671F87}.Release|Any CPU.ActiveCfg = Release|Any CPU
		{632C8C48-150D-4D33-803D-9161DC671F87}.Release|Any CPU.Build.0 = Release|Any CPU
		{632C8C48-150D-4D33-803D-9161DC671F87}.Release|x64.ActiveCfg = Release|Any CPU
		{632C8C48-150D-4D33-803D-9161DC671F87}.Release|x64.Build.0 = Release|Any CPU
		{632C8C48-150D-4D33-803D-9161DC671F87}.Release|x86.ActiveCfg = Release|Any CPU
		{632C8C48-150D-4D33-803D-9161DC671F87}.Release|x86.Build.0 = Release|Any CPU
		{55F9DA56-1B3A-4C07-9898-32218358F0DF}.Debug|Any CPU.ActiveCfg = Debug|Any CPU
		{55F9DA56-1B3A-4C07-9898-32218358F0DF}.Debug|Any CPU.Build.0 = Debug|Any CPU
		{55F9DA56-1B3A-4C07-9898-32218358F0DF}.Debug|x64.ActiveCfg = Debug|Any CPU
		{55F9DA56-1B3A-4C07-9898-32218358F0DF}.Debug|x64.Build.0 = Debug|Any CPU
		{55F9DA56-1B3A-4C07-9898-32218358F0DF}.Debug|x86.ActiveCfg = Debug|Any CPU
		{55F9DA56-1B3A-4C07-9898-32218358F0DF}.Debug|x86.Build.0 = Debug|Any CPU
		{55F9DA56-1B3A-4C07-9898-32218358F0DF}.Release|Any CPU.ActiveCfg = Release|Any CPU
		{55F9DA56-1B3A-4C07-9898-32218358F0DF}.Release|Any CPU.Build.0 = Release|Any CPU
		{55F9DA56-1B3A-4C07-9898-32218358F0DF}.Release|x64.ActiveCfg = Release|Any CPU
		{55F9DA56-1B3A-4C07-9898-32218358F0DF}.Release|x64.Build.0 = Release|Any CPU
		{55F9DA56-1B3A-4C07-9898-32218358F0DF}.Release|x86.ActiveCfg = Release|Any CPU
		{55F9DA56-1B3A-4C07-9898-32218358F0DF}.Release|x86.Build.0 = Release|Any CPU
		{9950D8AC-229A-4ECC-AFE1-8CED3B9C1431}.Debug|Any CPU.ActiveCfg = Debug|Any CPU
		{9950D8AC-229A-4ECC-AFE1-8CED3B9C1431}.Debug|Any CPU.Build.0 = Debug|Any CPU
		{9950D8AC-229A-4ECC-AFE1-8CED3B9C1431}.Debug|x64.ActiveCfg = Debug|Any CPU
		{9950D8AC-229A-4ECC-AFE1-8CED3B9C1431}.Debug|x64.Build.0 = Debug|Any CPU
		{9950D8AC-229A-4ECC-AFE1-8CED3B9C1431}.Debug|x86.ActiveCfg = Debug|Any CPU
		{9950D8AC-229A-4ECC-AFE1-8CED3B9C1431}.Debug|x86.Build.0 = Debug|Any CPU
		{9950D8AC-229A-4ECC-AFE1-8CED3B9C1431}.Release|Any CPU.ActiveCfg = Release|Any CPU
		{9950D8AC-229A-4ECC-AFE1-8CED3B9C1431}.Release|Any CPU.Build.0 = Release|Any CPU
		{9950D8AC-229A-4ECC-AFE1-8CED3B9C1431}.Release|x64.ActiveCfg = Release|Any CPU
		{9950D8AC-229A-4ECC-AFE1-8CED3B9C1431}.Release|x64.Build.0 = Release|Any CPU
		{9950D8AC-229A-4ECC-AFE1-8CED3B9C1431}.Release|x86.ActiveCfg = Release|Any CPU
		{9950D8AC-229A-4ECC-AFE1-8CED3B9C1431}.Release|x86.Build.0 = Release|Any CPU
		{F727DCD3-DD4A-4FA1-A05A-44EAC7E88E01}.Debug|Any CPU.ActiveCfg = Debug|Any CPU
		{F727DCD3-DD4A-4FA1-A05A-44EAC7E88E01}.Debug|Any CPU.Build.0 = Debug|Any CPU
		{F727DCD3-DD4A-4FA1-A05A-44EAC7E88E01}.Debug|x64.ActiveCfg = Debug|Any CPU
		{F727DCD3-DD4A-4FA1-A05A-44EAC7E88E01}.Debug|x64.Build.0 = Debug|Any CPU
		{F727DCD3-DD4A-4FA1-A05A-44EAC7E88E01}.Debug|x86.ActiveCfg = Debug|Any CPU
		{F727DCD3-DD4A-4FA1-A05A-44EAC7E88E01}.Debug|x86.Build.0 = Debug|Any CPU
		{F727DCD3-DD4A-4FA1-A05A-44EAC7E88E01}.Release|Any CPU.ActiveCfg = Release|Any CPU
		{F727DCD3-DD4A-4FA1-A05A-44EAC7E88E01}.Release|Any CPU.Build.0 = Release|Any CPU
		{F727DCD3-DD4A-4FA1-A05A-44EAC7E88E01}.Release|x64.ActiveCfg = Release|Any CPU
		{F727DCD3-DD4A-4FA1-A05A-44EAC7E88E01}.Release|x64.Build.0 = Release|Any CPU
		{F727DCD3-DD4A-4FA1-A05A-44EAC7E88E01}.Release|x86.ActiveCfg = Release|Any CPU
		{F727DCD3-DD4A-4FA1-A05A-44EAC7E88E01}.Release|x86.Build.0 = Release|Any CPU
		{8E0FC3E4-3727-44D6-B260-4323A4FDD94D}.Debug|Any CPU.ActiveCfg = Debug|Any CPU
		{8E0FC3E4-3727-44D6-B260-4323A4FDD94D}.Debug|Any CPU.Build.0 = Debug|Any CPU
		{8E0FC3E4-3727-44D6-B260-4323A4FDD94D}.Debug|x64.ActiveCfg = Debug|Any CPU
		{8E0FC3E4-3727-44D6-B260-4323A4FDD94D}.Debug|x64.Build.0 = Debug|Any CPU
		{8E0FC3E4-3727-44D6-B260-4323A4FDD94D}.Debug|x86.ActiveCfg = Debug|Any CPU
		{8E0FC3E4-3727-44D6-B260-4323A4FDD94D}.Debug|x86.Build.0 = Debug|Any CPU
		{8E0FC3E4-3727-44D6-B260-4323A4FDD94D}.Release|Any CPU.ActiveCfg = Release|Any CPU
		{8E0FC3E4-3727-44D6-B260-4323A4FDD94D}.Release|Any CPU.Build.0 = Release|Any CPU
		{8E0FC3E4-3727-44D6-B260-4323A4FDD94D}.Release|x64.ActiveCfg = Release|Any CPU
		{8E0FC3E4-3727-44D6-B260-4323A4FDD94D}.Release|x64.Build.0 = Release|Any CPU
		{8E0FC3E4-3727-44D6-B260-4323A4FDD94D}.Release|x86.ActiveCfg = Release|Any CPU
		{8E0FC3E4-3727-44D6-B260-4323A4FDD94D}.Release|x86.Build.0 = Release|Any CPU
		{6D3F1293-D49D-48FC-83AC-B4A9741E590F}.Debug|Any CPU.ActiveCfg = Debug|Any CPU
		{6D3F1293-D49D-48FC-83AC-B4A9741E590F}.Debug|Any CPU.Build.0 = Debug|Any CPU
		{6D3F1293-D49D-48FC-83AC-B4A9741E590F}.Debug|x64.ActiveCfg = Debug|Any CPU
		{6D3F1293-D49D-48FC-83AC-B4A9741E590F}.Debug|x64.Build.0 = Debug|Any CPU
		{6D3F1293-D49D-48FC-83AC-B4A9741E590F}.Debug|x86.ActiveCfg = Debug|Any CPU
		{6D3F1293-D49D-48FC-83AC-B4A9741E590F}.Debug|x86.Build.0 = Debug|Any CPU
		{6D3F1293-D49D-48FC-83AC-B4A9741E590F}.Release|Any CPU.ActiveCfg = Release|Any CPU
		{6D3F1293-D49D-48FC-83AC-B4A9741E590F}.Release|Any CPU.Build.0 = Release|Any CPU
		{6D3F1293-D49D-48FC-83AC-B4A9741E590F}.Release|x64.ActiveCfg = Release|Any CPU
		{6D3F1293-D49D-48FC-83AC-B4A9741E590F}.Release|x64.Build.0 = Release|Any CPU
		{6D3F1293-D49D-48FC-83AC-B4A9741E590F}.Release|x86.ActiveCfg = Release|Any CPU
		{6D3F1293-D49D-48FC-83AC-B4A9741E590F}.Release|x86.Build.0 = Release|Any CPU
	EndGlobalSection
	GlobalSection(SolutionProperties) = preSolution
		HideSolutionNode = FALSE
	EndGlobalSection
	GlobalSection(NestedProjects) = preSolution
		{F1330840-7811-40A6-82A2-A6785890C013} = {827E0CD3-B72D-47B6-A68D-7590B98EB39B}
		{0EF8376D-4178-4391-AE4C-9C0A98DB21CA} = {827E0CD3-B72D-47B6-A68D-7590B98EB39B}
		{E23C3526-8662-45D8-9E5A-75398BE81278} = {827E0CD3-B72D-47B6-A68D-7590B98EB39B}
		{58A7FEEA-ACF2-4292-899C-7FAA3744695E} = {827E0CD3-B72D-47B6-A68D-7590B98EB39B}
		{9D7E826E-F5ED-4DC8-94D9-D4BCF4A29330} = {827E0CD3-B72D-47B6-A68D-7590B98EB39B}
		{632C8C48-150D-4D33-803D-9161DC671F87} = {0AB3BF05-4346-4AA6-1389-037BE0695223}
		{55F9DA56-1B3A-4C07-9898-32218358F0DF} = {0AB3BF05-4346-4AA6-1389-037BE0695223}
		{9950D8AC-229A-4ECC-AFE1-8CED3B9C1431} = {0AB3BF05-4346-4AA6-1389-037BE0695223}
		{F727DCD3-DD4A-4FA1-A05A-44EAC7E88E01} = {0AB3BF05-4346-4AA6-1389-037BE0695223}
		{8E0FC3E4-3727-44D6-B260-4323A4FDD94D} = {0AB3BF05-4346-4AA6-1389-037BE0695223}
		{6D3F1293-D49D-48FC-83AC-B4A9741E590F} = {827E0CD3-B72D-47B6-A68D-7590B98EB39B}
	EndGlobalSection
EndGlobal
